
Microsoft Visual Studio Solution File, Format Version 12.00
# Visual Studio 15
VisualStudioVersion = 15.0.27703.2035
MinimumVisualStudioVersion = 10.0.40219.1
Project("{FAE04EC0-301F-11D3-BF4B-00C04F79EFBC}") = "App01_ConsultarCEP.Android", "App01_ConsultarCEP\App01_ConsultarCEP.Android\App01_ConsultarCEP.Android.csproj", "{CE532216-A7F7-4237-8D8F-656783DA6EFA}"
EndProject
Project("{FAE04EC0-301F-11D3-BF4B-00C04F79EFBC}") = "App01_ConsultarCEP.iOS", "App01_ConsultarCEP\App01_ConsultarCEP.iOS\App01_ConsultarCEP.iOS.csproj", "{1CCBF8E0-FE24-4EEE-833C-ACC7D3BE1EA4}"
EndProject
Project("{FAE04EC0-301F-11D3-BF4B-00C04F79EFBC}") = "App01_ConsultarCEP.UWP", "App01_ConsultarCEP\App01_ConsultarCEP.UWP\App01_ConsultarCEP.UWP.csproj", "{7032BCEF-D007-45E5-BD60-B976A5FA46A2}"
EndProject
Project("{FAE04EC0-301F-11D3-BF4B-00C04F79EFBC}") = "App01_ConsultarCEP", "App01_ConsultarCEP\App01_ConsultarCEP\App01_ConsultarCEP.csproj", "{1259A007-0B09-45DE-9CF7-6B466687195D}"
EndProject
Global
	GlobalSection(SolutionConfigurationPlatforms) = preSolution
		Ad-Hoc|Any CPU = Ad-Hoc|Any CPU
		Ad-Hoc|ARM = Ad-Hoc|ARM
		Ad-Hoc|iPhone = Ad-Hoc|iPhone
		Ad-Hoc|iPhoneSimulator = Ad-Hoc|iPhoneSimulator
		Ad-Hoc|x64 = Ad-Hoc|x64
		Ad-Hoc|x86 = Ad-Hoc|x86
		AppStore|Any CPU = AppStore|Any CPU
		AppStore|ARM = AppStore|ARM
		AppStore|iPhone = AppStore|iPhone
		AppStore|iPhoneSimulator = AppStore|iPhoneSimulator
		AppStore|x64 = AppStore|x64
		AppStore|x86 = AppStore|x86
		Debug|Any CPU = Debug|Any CPU
		Debug|ARM = Debug|ARM
		Debug|iPhone = Debug|iPhone
		Debug|iPhoneSimulator = Debug|iPhoneSimulator
		Debug|x64 = Debug|x64
		Debug|x86 = Debug|x86
		Release|Any CPU = Release|Any CPU
		Release|ARM = Release|ARM
		Release|iPhone = Release|iPhone
		Release|iPhoneSimulator = Release|iPhoneSimulator
		Release|x64 = Release|x64
		Release|x86 = Release|x86
	EndGlobalSection
	GlobalSection(ProjectConfigurationPlatforms) = postSolution
		{CE532216-A7F7-4237-8D8F-656783DA6EFA}.Ad-Hoc|Any CPU.ActiveCfg = Release|Any CPU
		{CE532216-A7F7-4237-8D8F-656783DA6EFA}.Ad-Hoc|Any CPU.Build.0 = Release|Any CPU
		{CE532216-A7F7-4237-8D8F-656783DA6EFA}.Ad-Hoc|Any CPU.Deploy.0 = Release|Any CPU
		{CE532216-A7F7-4237-8D8F-656783DA6EFA}.Ad-Hoc|ARM.ActiveCfg = Release|Any CPU
		{CE532216-A7F7-4237-8D8F-656783DA6EFA}.Ad-Hoc|ARM.Build.0 = Release|Any CPU
		{CE532216-A7F7-4237-8D8F-656783DA6EFA}.Ad-Hoc|ARM.Deploy.0 = Release|Any CPU
		{CE532216-A7F7-4237-8D8F-656783DA6EFA}.Ad-Hoc|iPhone.ActiveCfg = Release|Any CPU
		{CE532216-A7F7-4237-8D8F-656783DA6EFA}.Ad-Hoc|iPhone.Build.0 = Release|Any CPU
		{CE532216-A7F7-4237-8D8F-656783DA6EFA}.Ad-Hoc|iPhone.Deploy.0 = Release|Any CPU
		{CE532216-A7F7-4237-8D8F-656783DA6EFA}.Ad-Hoc|iPhoneSimulator.ActiveCfg = Release|Any CPU
		{CE532216-A7F7-4237-8D8F-656783DA6EFA}.Ad-Hoc|iPhoneSimulator.Build.0 = Release|Any CPU
		{CE532216-A7F7-4237-8D8F-656783DA6EFA}.Ad-Hoc|iPhoneSimulator.Deploy.0 = Release|Any CPU
		{CE532216-A7F7-4237-8D8F-656783DA6EFA}.Ad-Hoc|x64.ActiveCfg = Release|Any CPU
		{CE532216-A7F7-4237-8D8F-656783DA6EFA}.Ad-Hoc|x64.Build.0 = Release|Any CPU
		{CE532216-A7F7-4237-8D8F-656783DA6EFA}.Ad-Hoc|x64.Deploy.0 = Release|Any CPU
		{CE532216-A7F7-4237-8D8F-656783DA6EFA}.Ad-Hoc|x86.ActiveCfg = Release|Any CPU
		{CE532216-A7F7-4237-8D8F-656783DA6EFA}.Ad-Hoc|x86.Build.0 = Release|Any CPU
		{CE532216-A7F7-4237-8D8F-656783DA6EFA}.Ad-Hoc|x86.Deploy.0 = Release|Any CPU
		{CE532216-A7F7-4237-8D8F-656783DA6EFA}.AppStore|Any CPU.ActiveCfg = Release|Any CPU
		{CE532216-A7F7-4237-8D8F-656783DA6EFA}.AppStore|Any CPU.Build.0 = Release|Any CPU
		{CE532216-A7F7-4237-8D8F-656783DA6EFA}.AppStore|Any CPU.Deploy.0 = Release|Any CPU
		{CE532216-A7F7-4237-8D8F-656783DA6EFA}.AppStore|ARM.ActiveCfg = Release|Any CPU
		{CE532216-A7F7-4237-8D8F-656783DA6EFA}.AppStore|ARM.Build.0 = Release|Any CPU
		{CE532216-A7F7-4237-8D8F-656783DA6EFA}.AppStore|ARM.Deploy.0 = Release|Any CPU
		{CE532216-A7F7-4237-8D8F-656783DA6EFA}.AppStore|iPhone.ActiveCfg = Release|Any CPU
		{CE532216-A7F7-4237-8D8F-656783DA6EFA}.AppStore|iPhone.Build.0 = Release|Any CPU
		{CE532216-A7F7-4237-8D8F-656783DA6EFA}.AppStore|iPhone.Deploy.0 = Release|Any CPU
		{CE532216-A7F7-4237-8D8F-656783DA6EFA}.AppStore|iPhoneSimulator.ActiveCfg = Release|Any CPU
		{CE532216-A7F7-4237-8D8F-656783DA6EFA}.AppStore|iPhoneSimulator.Build.0 = Release|Any CPU
		{CE532216-A7F7-4237-8D8F-656783DA6EFA}.AppStore|iPhoneSimulator.Deploy.0 = Release|Any CPU
		{CE532216-A7F7-4237-8D8F-656783DA6EFA}.AppStore|x64.ActiveCfg = Release|Any CPU
		{CE532216-A7F7-4237-8D8F-656783DA6EFA}.AppStore|x64.Build.0 = Release|Any CPU
		{CE532216-A7F7-4237-8D8F-656783DA6EFA}.AppStore|x64.Deploy.0 = Release|Any CPU
		{CE532216-A7F7-4237-8D8F-656783DA6EFA}.AppStore|x86.ActiveCfg = Release|Any CPU
		{CE532216-A7F7-4237-8D8F-656783DA6EFA}.AppStore|x86.Build.0 = Release|Any CPU
		{CE532216-A7F7-4237-8D8F-656783DA6EFA}.AppStore|x86.Deploy.0 = Release|Any CPU
		{CE532216-A7F7-4237-8D8F-656783DA6EFA}.Debug|Any CPU.ActiveCfg = Debug|Any CPU
		{CE532216-A7F7-4237-8D8F-656783DA6EFA}.Debug|Any CPU.Build.0 = Debug|Any CPU
		{CE532216-A7F7-4237-8D8F-656783DA6EFA}.Debug|Any CPU.Deploy.0 = Debug|Any CPU
		{CE532216-A7F7-4237-8D8F-656783DA6EFA}.Debug|ARM.ActiveCfg = Debug|Any CPU
		{CE532216-A7F7-4237-8D8F-656783DA6EFA}.Debug|ARM.Build.0 = Debug|Any CPU
		{CE532216-A7F7-4237-8D8F-656783DA6EFA}.Debug|ARM.Deploy.0 = Debug|Any CPU
		{CE532216-A7F7-4237-8D8F-656783DA6EFA}.Debug|iPhone.ActiveCfg = Debug|Any CPU
		{CE532216-A7F7-4237-8D8F-656783DA6EFA}.Debug|iPhone.Build.0 = Debug|Any CPU
		{CE532216-A7F7-4237-8D8F-656783DA6EFA}.Debug|iPhone.Deploy.0 = Debug|Any CPU
		{CE532216-A7F7-4237-8D8F-656783DA6EFA}.Debug|iPhoneSimulator.ActiveCfg = Debug|Any CPU
		{CE532216-A7F7-4237-8D8F-656783DA6EFA}.Debug|iPhoneSimulator.Build.0 = Debug|Any CPU
		{CE532216-A7F7-4237-8D8F-656783DA6EFA}.Debug|iPhoneSimulator.Deploy.0 = Debug|Any CPU
		{CE532216-A7F7-4237-8D8F-656783DA6EFA}.Debug|x64.ActiveCfg = Debug|Any CPU
		{CE532216-A7F7-4237-8D8F-656783DA6EFA}.Debug|x64.Build.0 = Debug|Any CPU
		{CE532216-A7F7-4237-8D8F-656783DA6EFA}.Debug|x64.Deploy.0 = Debug|Any CPU
		{CE532216-A7F7-4237-8D8F-656783DA6EFA}.Debug|x86.ActiveCfg = Debug|Any CPU
		{CE532216-A7F7-4237-8D8F-656783DA6EFA}.Debug|x86.Build.0 = Debug|Any CPU
		{CE532216-A7F7-4237-8D8F-656783DA6EFA}.Debug|x86.Deploy.0 = Debug|Any CPU
		{CE532216-A7F7-4237-8D8F-656783DA6EFA}.Release|Any CPU.ActiveCfg = Release|Any CPU
		{CE532216-A7F7-4237-8D8F-656783DA6EFA}.Release|Any CPU.Build.0 = Release|Any CPU
		{CE532216-A7F7-4237-8D8F-656783DA6EFA}.Release|Any CPU.Deploy.0 = Release|Any CPU
		{CE532216-A7F7-4237-8D8F-656783DA6EFA}.Release|ARM.ActiveCfg = Release|Any CPU
		{CE532216-A7F7-4237-8D8F-656783DA6EFA}.Release|ARM.Build.0 = Release|Any CPU
		{CE532216-A7F7-4237-8D8F-656783DA6EFA}.Release|ARM.Deploy.0 = Release|Any CPU
		{CE532216-A7F7-4237-8D8F-656783DA6EFA}.Release|iPhone.ActiveCfg = Release|Any CPU
		{CE532216-A7F7-4237-8D8F-656783DA6EFA}.Release|iPhone.Build.0 = Release|Any CPU
		{CE532216-A7F7-4237-8D8F-656783DA6EFA}.Release|iPhone.Deploy.0 = Release|Any CPU
		{CE532216-A7F7-4237-8D8F-656783DA6EFA}.Release|iPhoneSimulator.ActiveCfg = Release|Any CPU
		{CE532216-A7F7-4237-8D8F-656783DA6EFA}.Release|iPhoneSimulator.Build.0 = Release|Any CPU
		{CE532216-A7F7-4237-8D8F-656783DA6EFA}.Release|iPhoneSimulator.Deploy.0 = Release|Any CPU
		{CE532216-A7F7-4237-8D8F-656783DA6EFA}.Release|x64.ActiveCfg = Release|Any CPU
		{CE532216-A7F7-4237-8D8F-656783DA6EFA}.Release|x64.Build.0 = Release|Any CPU
		{CE532216-A7F7-4237-8D8F-656783DA6EFA}.Release|x64.Deploy.0 = Release|Any CPU
		{CE532216-A7F7-4237-8D8F-656783DA6EFA}.Release|x86.ActiveCfg = Release|Any CPU
		{CE532216-A7F7-4237-8D8F-656783DA6EFA}.Release|x86.Build.0 = Release|Any CPU
		{CE532216-A7F7-4237-8D8F-656783DA6EFA}.Release|x86.Deploy.0 = Release|Any CPU
		{1CCBF8E0-FE24-4EEE-833C-ACC7D3BE1EA4}.Ad-Hoc|Any CPU.ActiveCfg = Ad-Hoc|iPhone
		{1CCBF8E0-FE24-4EEE-833C-ACC7D3BE1EA4}.Ad-Hoc|Any CPU.Build.0 = Ad-Hoc|iPhone
		{1CCBF8E0-FE24-4EEE-833C-ACC7D3BE1EA4}.Ad-Hoc|Any CPU.Deploy.0 = Ad-Hoc|iPhone
		{1CCBF8E0-FE24-4EEE-833C-ACC7D3BE1EA4}.Ad-Hoc|ARM.ActiveCfg = Ad-Hoc|iPhone
		{1CCBF8E0-FE24-4EEE-833C-ACC7D3BE1EA4}.Ad-Hoc|ARM.Build.0 = Ad-Hoc|iPhone
		{1CCBF8E0-FE24-4EEE-833C-ACC7D3BE1EA4}.Ad-Hoc|ARM.Deploy.0 = Ad-Hoc|iPhone
		{1CCBF8E0-FE24-4EEE-833C-ACC7D3BE1EA4}.Ad-Hoc|iPhone.ActiveCfg = Ad-Hoc|iPhone
		{1CCBF8E0-FE24-4EEE-833C-ACC7D3BE1EA4}.Ad-Hoc|iPhone.Build.0 = Ad-Hoc|iPhone
		{1CCBF8E0-FE24-4EEE-833C-ACC7D3BE1EA4}.Ad-Hoc|iPhone.Deploy.0 = Ad-Hoc|iPhone
		{1CCBF8E0-FE24-4EEE-833C-ACC7D3BE1EA4}.Ad-Hoc|iPhoneSimulator.ActiveCfg = Ad-Hoc|iPhoneSimulator
		{1CCBF8E0-FE24-4EEE-833C-ACC7D3BE1EA4}.Ad-Hoc|iPhoneSimulator.Build.0 = Ad-Hoc|iPhoneSimulator
		{1CCBF8E0-FE24-4EEE-833C-ACC7D3BE1EA4}.Ad-Hoc|iPhoneSimulator.Deploy.0 = Ad-Hoc|iPhoneSimulator
		{1CCBF8E0-FE24-4EEE-833C-ACC7D3BE1EA4}.Ad-Hoc|x64.ActiveCfg = Ad-Hoc|iPhone
		{1CCBF8E0-FE24-4EEE-833C-ACC7D3BE1EA4}.Ad-Hoc|x64.Build.0 = Ad-Hoc|iPhone
		{1CCBF8E0-FE24-4EEE-833C-ACC7D3BE1EA4}.Ad-Hoc|x64.Deploy.0 = Ad-Hoc|iPhone
		{1CCBF8E0-FE24-4EEE-833C-ACC7D3BE1EA4}.Ad-Hoc|x86.ActiveCfg = Ad-Hoc|iPhone
		{1CCBF8E0-FE24-4EEE-833C-ACC7D3BE1EA4}.Ad-Hoc|x86.Build.0 = Ad-Hoc|iPhone
		{1CCBF8E0-FE24-4EEE-833C-ACC7D3BE1EA4}.Ad-Hoc|x86.Deploy.0 = Ad-Hoc|iPhone
		{1CCBF8E0-FE24-4EEE-833C-ACC7D3BE1EA4}.AppStore|Any CPU.ActiveCfg = AppStore|iPhone
		{1CCBF8E0-FE24-4EEE-833C-ACC7D3BE1EA4}.AppStore|Any CPU.Build.0 = AppStore|iPhone
		{1CCBF8E0-FE24-4EEE-833C-ACC7D3BE1EA4}.AppStore|Any CPU.Deploy.0 = AppStore|iPhone
		{1CCBF8E0-FE24-4EEE-833C-ACC7D3BE1EA4}.AppStore|ARM.ActiveCfg = AppStore|iPhone
		{1CCBF8E0-FE24-4EEE-833C-ACC7D3BE1EA4}.AppStore|ARM.Build.0 = AppStore|iPhone
		{1CCBF8E0-FE24-4EEE-833C-ACC7D3BE1EA4}.AppStore|ARM.Deploy.0 = AppStore|iPhone
		{1CCBF8E0-FE24-4EEE-833C-ACC7D3BE1EA4}.AppStore|iPhone.ActiveCfg = AppStore|iPhone
		{1CCBF8E0-FE24-4EEE-833C-ACC7D3BE1EA4}.AppStore|iPhone.Build.0 = AppStore|iPhone
		{1CCBF8E0-FE24-4EEE-833C-ACC7D3BE1EA4}.AppStore|iPhone.Deploy.0 = AppStore|iPhone
		{1CCBF8E0-FE24-4EEE-833C-ACC7D3BE1EA4}.AppStore|iPhoneSimulator.ActiveCfg = AppStore|iPhoneSimulator
		{1CCBF8E0-FE24-4EEE-833C-ACC7D3BE1EA4}.AppStore|iPhoneSimulator.Build.0 = AppStore|iPhoneSimulator
		{1CCBF8E0-FE24-4EEE-833C-ACC7D3BE1EA4}.AppStore|iPhoneSimulator.Deploy.0 = AppStore|iPhoneSimulator
		{1CCBF8E0-FE24-4EEE-833C-ACC7D3BE1EA4}.AppStore|x64.ActiveCfg = AppStore|iPhone
		{1CCBF8E0-FE24-4EEE-833C-ACC7D3BE1EA4}.AppStore|x64.Build.0 = AppStore|iPhone
		{1CCBF8E0-FE24-4EEE-833C-ACC7D3BE1EA4}.AppStore|x64.Deploy.0 = AppStore|iPhone
		{1CCBF8E0-FE24-4EEE-833C-ACC7D3BE1EA4}.AppStore|x86.ActiveCfg = AppStore|iPhone
		{1CCBF8E0-FE24-4EEE-833C-ACC7D3BE1EA4}.AppStore|x86.Build.0 = AppStore|iPhone
		{1CCBF8E0-FE24-4EEE-833C-ACC7D3BE1EA4}.AppStore|x86.Deploy.0 = AppStore|iPhone
		{1CCBF8E0-FE24-4EEE-833C-ACC7D3BE1EA4}.Debug|Any CPU.ActiveCfg = Debug|iPhoneSimulator
		{1CCBF8E0-FE24-4EEE-833C-ACC7D3BE1EA4}.Debug|Any CPU.Build.0 = Debug|iPhoneSimulator
		{1CCBF8E0-FE24-4EEE-833C-ACC7D3BE1EA4}.Debug|Any CPU.Deploy.0 = Debug|iPhoneSimulator
		{1CCBF8E0-FE24-4EEE-833C-ACC7D3BE1EA4}.Debug|ARM.ActiveCfg = Debug|iPhone
		{1CCBF8E0-FE24-4EEE-833C-ACC7D3BE1EA4}.Debug|ARM.Build.0 = Debug|iPhone
		{1CCBF8E0-FE24-4EEE-833C-ACC7D3BE1EA4}.Debug|ARM.Deploy.0 = Debug|iPhone
		{1CCBF8E0-FE24-4EEE-833C-ACC7D3BE1EA4}.Debug|iPhone.ActiveCfg = Debug|iPhone
		{1CCBF8E0-FE24-4EEE-833C-ACC7D3BE1EA4}.Debug|iPhone.Build.0 = Debug|iPhone
		{1CCBF8E0-FE24-4EEE-833C-ACC7D3BE1EA4}.Debug|iPhone.Deploy.0 = Debug|iPhone
		{1CCBF8E0-FE24-4EEE-833C-ACC7D3BE1EA4}.Debug|iPhoneSimulator.ActiveCfg = Debug|iPhoneSimulator
		{1CCBF8E0-FE24-4EEE-833C-ACC7D3BE1EA4}.Debug|iPhoneSimulator.Build.0 = Debug|iPhoneSimulator
		{1CCBF8E0-FE24-4EEE-833C-ACC7D3BE1EA4}.Debug|iPhoneSimulator.Deploy.0 = Debug|iPhoneSimulator
		{1CCBF8E0-FE24-4EEE-833C-ACC7D3BE1EA4}.Debug|x64.ActiveCfg = Debug|iPhone
		{1CCBF8E0-FE24-4EEE-833C-ACC7D3BE1EA4}.Debug|x64.Build.0 = Debug|iPhone
		{1CCBF8E0-FE24-4EEE-833C-ACC7D3BE1EA4}.Debug|x64.Deploy.0 = Debug|iPhone
		{1CCBF8E0-FE24-4EEE-833C-ACC7D3BE1EA4}.Debug|x86.ActiveCfg = Debug|iPhone
		{1CCBF8E0-FE24-4EEE-833C-ACC7D3BE1EA4}.Debug|x86.Build.0 = Debug|iPhone
		{1CCBF8E0-FE24-4EEE-833C-ACC7D3BE1EA4}.Debug|x86.Deploy.0 = Debug|iPhone
		{1CCBF8E0-FE24-4EEE-833C-ACC7D3BE1EA4}.Release|Any CPU.ActiveCfg = Release|iPhone
		{1CCBF8E0-FE24-4EEE-833C-ACC7D3BE1EA4}.Release|Any CPU.Build.0 = Release|iPhone
		{1CCBF8E0-FE24-4EEE-833C-ACC7D3BE1EA4}.Release|Any CPU.Deploy.0 = Release|iPhone
		{1CCBF8E0-FE24-4EEE-833C-ACC7D3BE1EA4}.Release|ARM.ActiveCfg = Release|iPhone
		{1CCBF8E0-FE24-4EEE-833C-ACC7D3BE1EA4}.Release|ARM.Build.0 = Release|iPhone
		{1CCBF8E0-FE24-4EEE-833C-ACC7D3BE1EA4}.Release|ARM.Deploy.0 = Release|iPhone
		{1CCBF8E0-FE24-4EEE-833C-ACC7D3BE1EA4}.Release|iPhone.ActiveCfg = Release|iPhone
		{1CCBF8E0-FE24-4EEE-833C-ACC7D3BE1EA4}.Release|iPhone.Build.0 = Release|iPhone
		{1CCBF8E0-FE24-4EEE-833C-ACC7D3BE1EA4}.Release|iPhone.Deploy.0 = Release|iPhone
		{1CCBF8E0-FE24-4EEE-833C-ACC7D3BE1EA4}.Release|iPhoneSimulator.ActiveCfg = Release|iPhoneSimulator
		{1CCBF8E0-FE24-4EEE-833C-ACC7D3BE1EA4}.Release|iPhoneSimulator.Build.0 = Release|iPhoneSimulator
		{1CCBF8E0-FE24-4EEE-833C-ACC7D3BE1EA4}.Release|iPhoneSimulator.Deploy.0 = Release|iPhoneSimulator
		{1CCBF8E0-FE24-4EEE-833C-ACC7D3BE1EA4}.Release|x64.ActiveCfg = Release|iPhone
		{1CCBF8E0-FE24-4EEE-833C-ACC7D3BE1EA4}.Release|x64.Build.0 = Release|iPhone
		{1CCBF8E0-FE24-4EEE-833C-ACC7D3BE1EA4}.Release|x64.Deploy.0 = Release|iPhone
		{1CCBF8E0-FE24-4EEE-833C-ACC7D3BE1EA4}.Release|x86.ActiveCfg = Release|iPhone
		{1CCBF8E0-FE24-4EEE-833C-ACC7D3BE1EA4}.Release|x86.Build.0 = Release|iPhone
		{1CCBF8E0-FE24-4EEE-833C-ACC7D3BE1EA4}.Release|x86.Deploy.0 = Release|iPhone
		{7032BCEF-D007-45E5-BD60-B976A5FA46A2}.Ad-Hoc|Any CPU.ActiveCfg = Release|x86
		{7032BCEF-D007-45E5-BD60-B976A5FA46A2}.Ad-Hoc|Any CPU.Build.0 = Release|x86
		{7032BCEF-D007-45E5-BD60-B976A5FA46A2}.Ad-Hoc|Any CPU.Deploy.0 = Release|x86
		{7032BCEF-D007-45E5-BD60-B976A5FA46A2}.Ad-Hoc|ARM.ActiveCfg = Release|ARM
		{7032BCEF-D007-45E5-BD60-B976A5FA46A2}.Ad-Hoc|ARM.Build.0 = Release|ARM
		{7032BCEF-D007-45E5-BD60-B976A5FA46A2}.Ad-Hoc|ARM.Deploy.0 = Release|ARM
		{7032BCEF-D007-45E5-BD60-B976A5FA46A2}.Ad-Hoc|iPhone.ActiveCfg = Release|x86
		{7032BCEF-D007-45E5-BD60-B976A5FA46A2}.Ad-Hoc|iPhone.Build.0 = Release|x86
		{7032BCEF-D007-45E5-BD60-B976A5FA46A2}.Ad-Hoc|iPhone.Deploy.0 = Release|x86
		{7032BCEF-D007-45E5-BD60-B976A5FA46A2}.Ad-Hoc|iPhoneSimulator.ActiveCfg = Release|x86
		{7032BCEF-D007-45E5-BD60-B976A5FA46A2}.Ad-Hoc|iPhoneSimulator.Build.0 = Release|x86
		{7032BCEF-D007-45E5-BD60-B976A5FA46A2}.Ad-Hoc|iPhoneSimulator.Deploy.0 = Release|x86
		{7032BCEF-D007-45E5-BD60-B976A5FA46A2}.Ad-Hoc|x64.ActiveCfg = Release|x64
		{7032BCEF-D007-45E5-BD60-B976A5FA46A2}.Ad-Hoc|x64.Build.0 = Release|x64
		{7032BCEF-D007-45E5-BD60-B976A5FA46A2}.Ad-Hoc|x64.Deploy.0 = Release|x64
		{7032BCEF-D007-45E5-BD60-B976A5FA46A2}.Ad-Hoc|x86.ActiveCfg = Release|x86
		{7032BCEF-D007-45E5-BD60-B976A5FA46A2}.Ad-Hoc|x86.Build.0 = Release|x86
		{7032BCEF-D007-45E5-BD60-B976A5FA46A2}.Ad-Hoc|x86.Deploy.0 = Release|x86
		{7032BCEF-D007-45E5-BD60-B976A5FA46A2}.AppStore|Any CPU.ActiveCfg = Release|x86
		{7032BCEF-D007-45E5-BD60-B976A5FA46A2}.AppStore|Any CPU.Build.0 = Release|x86
		{7032BCEF-D007-45E5-BD60-B976A5FA46A2}.AppStore|Any CPU.Deploy.0 = Release|x86
		{7032BCEF-D007-45E5-BD60-B976A5FA46A2}.AppStore|ARM.ActiveCfg = Release|ARM
		{7032BCEF-D007-45E5-BD60-B976A5FA46A2}.AppStore|ARM.Build.0 = Release|ARM
		{7032BCEF-D007-45E5-BD60-B976A5FA46A2}.AppStore|ARM.Deploy.0 = Release|ARM
		{7032BCEF-D007-45E5-BD60-B976A5FA46A2}.AppStore|iPhone.ActiveCfg = Release|x86
		{7032BCEF-D007-45E5-BD60-B976A5FA46A2}.AppStore|iPhone.Build.0 = Release|x86
		{7032BCEF-D007-45E5-BD60-B976A5FA46A2}.AppStore|iPhone.Deploy.0 = Release|x86
		{7032BCEF-D007-45E5-BD60-B976A5FA46A2}.AppStore|iPhoneSimulator.ActiveCfg = Release|x86
		{7032BCEF-D007-45E5-BD60-B976A5FA46A2}.AppStore|iPhoneSimulator.Build.0 = Release|x86
		{7032BCEF-D007-45E5-BD60-B976A5FA46A2}.AppStore|iPhoneSimulator.Deploy.0 = Release|x86
		{7032BCEF-D007-45E5-BD60-B976A5FA46A2}.AppStore|x64.ActiveCfg = Release|x64
		{7032BCEF-D007-45E5-BD60-B976A5FA46A2}.AppStore|x64.Build.0 = Release|x64
		{7032BCEF-D007-45E5-BD60-B976A5FA46A2}.AppStore|x64.Deploy.0 = Release|x64
		{7032BCEF-D007-45E5-BD60-B976A5FA46A2}.AppStore|x86.ActiveCfg = Release|x86
		{7032BCEF-D007-45E5-BD60-B976A5FA46A2}.AppStore|x86.Build.0 = Release|x86
		{7032BCEF-D007-45E5-BD60-B976A5FA46A2}.AppStore|x86.Deploy.0 = Release|x86
		{7032BCEF-D007-45E5-BD60-B976A5FA46A2}.Debug|Any CPU.ActiveCfg = Debug|x86
		{7032BCEF-D007-45E5-BD60-B976A5FA46A2}.Debug|Any CPU.Build.0 = Debug|x86
		{7032BCEF-D007-45E5-BD60-B976A5FA46A2}.Debug|Any CPU.Deploy.0 = Debug|x86
		{7032BCEF-D007-45E5-BD60-B976A5FA46A2}.Debug|ARM.ActiveCfg = Debug|ARM
		{7032BCEF-D007-45E5-BD60-B976A5FA46A2}.Debug|ARM.Build.0 = Debug|ARM
		{7032BCEF-D007-45E5-BD60-B976A5FA46A2}.Debug|ARM.Deploy.0 = Debug|ARM
		{7032BCEF-D007-45E5-BD60-B976A5FA46A2}.Debug|iPhone.ActiveCfg = Debug|x86
		{7032BCEF-D007-45E5-BD60-B976A5FA46A2}.Debug|iPhone.Build.0 = Debug|x86
		{7032BCEF-D007-45E5-BD60-B976A5FA46A2}.Debug|iPhone.Deploy.0 = Debug|x86
		{7032BCEF-D007-45E5-BD60-B976A5FA46A2}.Debug|iPhoneSimulator.ActiveCfg = Debug|x86
		{7032BCEF-D007-45E5-BD60-B976A5FA46A2}.Debug|iPhoneSimulator.Build.0 = Debug|x86
		{7032BCEF-D007-45E5-BD60-B976A5FA46A2}.Debug|iPhoneSimulator.Deploy.0 = Debug|x86
		{7032BCEF-D007-45E5-BD60-B976A5FA46A2}.Debug|x64.ActiveCfg = Debug|x64
		{7032BCEF-D007-45E5-BD60-B976A5FA46A2}.Debug|x64.Build.0 = Debug|x64
		{7032BCEF-D007-45E5-BD60-B976A5FA46A2}.Debug|x64.Deploy.0 = Debug|x64
		{7032BCEF-D007-45E5-BD60-B976A5FA46A2}.Debug|x86.ActiveCfg = Debug|x86
		{7032BCEF-D007-45E5-BD60-B976A5FA46A2}.Debug|x86.Build.0 = Debug|x86
		{7032BCEF-D007-45E5-BD60-B976A5FA46A2}.Debug|x86.Deploy.0 = Debug|x86
		{7032BCEF-D007-45E5-BD60-B976A5FA46A2}.Release|Any CPU.ActiveCfg = Release|x86
		{7032BCEF-D007-45E5-BD60-B976A5FA46A2}.Release|Any CPU.Build.0 = Release|x86
		{7032BCEF-D007-45E5-BD60-B976A5FA46A2}.Release|Any CPU.Deploy.0 = Release|x86
		{7032BCEF-D007-45E5-BD60-B976A5FA46A2}.Release|ARM.ActiveCfg = Release|ARM
		{7032BCEF-D007-45E5-BD60-B976A5FA46A2}.Release|ARM.Build.0 = Release|ARM
		{7032BCEF-D007-45E5-BD60-B976A5FA46A2}.Release|ARM.Deploy.0 = Release|ARM
		{7032BCEF-D007-45E5-BD60-B976A5FA46A2}.Release|iPhone.ActiveCfg = Release|x86
		{7032BCEF-D007-45E5-BD60-B976A5FA46A2}.Release|iPhone.Build.0 = Release|x86
		{7032BCEF-D007-45E5-BD60-B976A5FA46A2}.Release|iPhone.Deploy.0 = Release|x86
		{7032BCEF-D007-45E5-BD60-B976A5FA46A2}.Release|iPhoneSimulator.ActiveCfg = Release|x86
		{7032BCEF-D007-45E5-BD60-B976A5FA46A2}.Release|iPhoneSimulator.Build.0 = Release|x86
		{7032BCEF-D007-45E5-BD60-B976A5FA46A2}.Release|iPhoneSimulator.Deploy.0 = Release|x86
		{7032BCEF-D007-45E5-BD60-B976A5FA46A2}.Release|x64.ActiveCfg = Release|x64
		{7032BCEF-D007-45E5-BD60-B976A5FA46A2}.Release|x64.Build.0 = Release|x64
		{7032BCEF-D007-45E5-BD60-B976A5FA46A2}.Release|x64.Deploy.0 = Release|x64
		{7032BCEF-D007-45E5-BD60-B976A5FA46A2}.Release|x86.ActiveCfg = Release|x86
		{7032BCEF-D007-45E5-BD60-B976A5FA46A2}.Release|x86.Build.0 = Release|x86
		{7032BCEF-D007-45E5-BD60-B976A5FA46A2}.Release|x86.Deploy.0 = Release|x86
		{1259A007-0B09-45DE-9CF7-6B466687195D}.Ad-Hoc|Any CPU.ActiveCfg = Debug|Any CPU
		{1259A007-0B09-45DE-9CF7-6B466687195D}.Ad-Hoc|Any CPU.Build.0 = Debug|Any CPU
		{1259A007-0B09-45DE-9CF7-6B466687195D}.Ad-Hoc|Any CPU.Deploy.0 = Debug|Any CPU
		{1259A007-0B09-45DE-9CF7-6B466687195D}.Ad-Hoc|ARM.ActiveCfg = Debug|Any CPU
		{1259A007-0B09-45DE-9CF7-6B466687195D}.Ad-Hoc|ARM.Build.0 = Debug|Any CPU
		{1259A007-0B09-45DE-9CF7-6B466687195D}.Ad-Hoc|ARM.Deploy.0 = Debug|Any CPU
		{1259A007-0B09-45DE-9CF7-6B466687195D}.Ad-Hoc|iPhone.ActiveCfg = Debug|Any CPU
		{1259A007-0B09-45DE-9CF7-6B466687195D}.Ad-Hoc|iPhone.Build.0 = Debug|Any CPU
		{1259A007-0B09-45DE-9CF7-6B466687195D}.Ad-Hoc|iPhone.Deploy.0 = Debug|Any CPU
		{1259A007-0B09-45DE-9CF7-6B466687195D}.Ad-Hoc|iPhoneSimulator.ActiveCfg = Debug|Any CPU
		{1259A007-0B09-45DE-9CF7-6B466687195D}.Ad-Hoc|iPhoneSimulator.Build.0 = Debug|Any CPU
		{1259A007-0B09-45DE-9CF7-6B466687195D}.Ad-Hoc|iPhoneSimulator.Deploy.0 = Debug|Any CPU
		{1259A007-0B09-45DE-9CF7-6B466687195D}.Ad-Hoc|x64.ActiveCfg = Debug|Any CPU
		{1259A007-0B09-45DE-9CF7-6B466687195D}.Ad-Hoc|x64.Build.0 = Debug|Any CPU
		{1259A007-0B09-45DE-9CF7-6B466687195D}.Ad-Hoc|x64.Deploy.0 = Debug|Any CPU
		{1259A007-0B09-45DE-9CF7-6B466687195D}.Ad-Hoc|x86.ActiveCfg = Debug|Any CPU
		{1259A007-0B09-45DE-9CF7-6B466687195D}.Ad-Hoc|x86.Build.0 = Debug|Any CPU
		{1259A007-0B09-45DE-9CF7-6B466687195D}.Ad-Hoc|x86.Deploy.0 = Debug|Any CPU
		{1259A007-0B09-45DE-9CF7-6B466687195D}.AppStore|Any CPU.ActiveCfg = Debug|Any CPU
		{1259A007-0B09-45DE-9CF7-6B466687195D}.AppStore|Any CPU.Build.0 = Debug|Any CPU
		{1259A007-0B09-45DE-9CF7-6B466687195D}.AppStore|Any CPU.Deploy.0 = Debug|Any CPU
		{1259A007-0B09-45DE-9CF7-6B466687195D}.AppStore|ARM.ActiveCfg = Debug|Any CPU
		{1259A007-0B09-45DE-9CF7-6B466687195D}.AppStore|ARM.Build.0 = Debug|Any CPU
		{1259A007-0B09-45DE-9CF7-6B466687195D}.AppStore|ARM.Deploy.0 = Debug|Any CPU
		{1259A007-0B09-45DE-9CF7-6B466687195D}.AppStore|iPhone.ActiveCfg = Debug|Any CPU
		{1259A007-0B09-45DE-9CF7-6B466687195D}.AppStore|iPhone.Build.0 = Debug|Any CPU
		{1259A007-0B09-45DE-9CF7-6B466687195D}.AppStore|iPhone.Deploy.0 = Debug|Any CPU
		{1259A007-0B09-45DE-9CF7-6B466687195D}.AppStore|iPhoneSimulator.ActiveCfg = Debug|Any CPU
		{1259A007-0B09-45DE-9CF7-6B466687195D}.AppStore|iPhoneSimulator.Build.0 = Debug|Any CPU
		{1259A007-0B09-45DE-9CF7-6B466687195D}.AppStore|iPhoneSimulator.Deploy.0 = Debug|Any CPU
		{1259A007-0B09-45DE-9CF7-6B466687195D}.AppStore|x64.ActiveCfg = Debug|Any CPU
		{1259A007-0B09-45DE-9CF7-6B466687195D}.AppStore|x64.Build.0 = Debug|Any CPU
		{1259A007-0B09-45DE-9CF7-6B466687195D}.AppStore|x64.Deploy.0 = Debug|Any CPU
		{1259A007-0B09-45DE-9CF7-6B466687195D}.AppStore|x86.ActiveCfg = Debug|Any CPU
		{1259A007-0B09-45DE-9CF7-6B466687195D}.AppStore|x86.Build.0 = Debug|Any CPU
		{1259A007-0B09-45DE-9CF7-6B466687195D}.AppStore|x86.Deploy.0 = Debug|Any CPU
		{1259A007-0B09-45DE-9CF7-6B466687195D}.Debug|Any CPU.ActiveCfg = Debug|Any CPU
		{1259A007-0B09-45DE-9CF7-6B466687195D}.Debug|Any CPU.Build.0 = Debug|Any CPU
		{1259A007-0B09-45DE-9CF7-6B466687195D}.Debug|Any CPU.Deploy.0 = Debug|Any CPU
		{1259A007-0B09-45DE-9CF7-6B466687195D}.Debug|ARM.ActiveCfg = Debug|Any CPU
		{1259A007-0B09-45DE-9CF7-6B466687195D}.Debug|ARM.Build.0 = Debug|Any CPU
		{1259A007-0B09-45DE-9CF7-6B466687195D}.Debug|ARM.Deploy.0 = Debug|Any CPU
		{1259A007-0B09-45DE-9CF7-6B466687195D}.Debug|iPhone.ActiveCfg = Debug|Any CPU
		{1259A007-0B09-45DE-9CF7-6B466687195D}.Debug|iPhone.Build.0 = Debug|Any CPU
		{1259A007-0B09-45DE-9CF7-6B466687195D}.Debug|iPhone.Deploy.0 = Debug|Any CPU
		{1259A007-0B09-45DE-9CF7-6B466687195D}.Debug|iPhoneSimulator.ActiveCfg = Debug|Any CPU
		{1259A007-0B09-45DE-9CF7-6B466687195D}.Debug|iPhoneSimulator.Build.0 = Debug|Any CPU
		{1259A007-0B09-45DE-9CF7-6B466687195D}.Debug|iPhoneSimulator.Deploy.0 = Debug|Any CPU
		{1259A007-0B09-45DE-9CF7-6B466687195D}.Debug|x64.ActiveCfg = Debug|Any CPU
		{1259A007-0B09-45DE-9CF7-6B466687195D}.Debug|x64.Build.0 = Debug|Any CPU
		{1259A007-0B09-45DE-9CF7-6B466687195D}.Debug|x64.Deploy.0 = Debug|Any CPU
		{1259A007-0B09-45DE-9CF7-6B466687195D}.Debug|x86.ActiveCfg = Debug|Any CPU
		{1259A007-0B09-45DE-9CF7-6B466687195D}.Debug|x86.Build.0 = Debug|Any CPU
		{1259A007-0B09-45DE-9CF7-6B466687195D}.Debug|x86.Deploy.0 = Debug|Any CPU
		{1259A007-0B09-45DE-9CF7-6B466687195D}.Release|Any CPU.ActiveCfg = Release|Any CPU
		{1259A007-0B09-45DE-9CF7-6B466687195D}.Release|Any CPU.Build.0 = Release|Any CPU
		{1259A007-0B09-45DE-9CF7-6B466687195D}.Release|Any CPU.Deploy.0 = Release|Any CPU
		{1259A007-0B09-45DE-9CF7-6B466687195D}.Release|ARM.ActiveCfg = Release|Any CPU
		{1259A007-0B09-45DE-9CF7-6B466687195D}.Release|ARM.Build.0 = Release|Any CPU
		{1259A007-0B09-45DE-9CF7-6B466687195D}.Release|ARM.Deploy.0 = Release|Any CPU
		{1259A007-0B09-45DE-9CF7-6B466687195D}.Release|iPhone.ActiveCfg = Release|Any CPU
		{1259A007-0B09-45DE-9CF7-6B466687195D}.Release|iPhone.Build.0 = Release|Any CPU
		{1259A007-0B09-45DE-9CF7-6B466687195D}.Release|iPhone.Deploy.0 = Release|Any CPU
		{1259A007-0B09-45DE-9CF7-6B466687195D}.Release|iPhoneSimulator.ActiveCfg = Release|Any CPU
		{1259A007-0B09-45DE-9CF7-6B466687195D}.Release|iPhoneSimulator.Build.0 = Release|Any CPU
		{1259A007-0B09-45DE-9CF7-6B466687195D}.Release|iPhoneSimulator.Deploy.0 = Release|Any CPU
		{1259A007-0B09-45DE-9CF7-6B466687195D}.Release|x64.ActiveCfg = Release|Any CPU
		{1259A007-0B09-45DE-9CF7-6B466687195D}.Release|x64.Build.0 = Release|Any CPU
		{1259A007-0B09-45DE-9CF7-6B466687195D}.Release|x64.Deploy.0 = Release|Any CPU
		{1259A007-0B09-45DE-9CF7-6B466687195D}.Release|x86.ActiveCfg = Release|Any CPU
		{1259A007-0B09-45DE-9CF7-6B466687195D}.Release|x86.Build.0 = Release|Any CPU
		{1259A007-0B09-45DE-9CF7-6B466687195D}.Release|x86.Deploy.0 = Release|Any CPU
	EndGlobalSection
	GlobalSection(SolutionProperties) = preSolution
		HideSolutionNode = FALSE
	EndGlobalSection
	GlobalSection(ExtensibilityGlobals) = postSolution
		SolutionGuid = {20C9FF07-2CB4-4C64-A1BA-6A65E1CCF35D}
	EndGlobalSection
EndGlobal
